
Microsoft Visual Studio Solution File, Format Version 12.00
# Visual Studio Version 16
VisualStudioVersion = 16.0.30503.244
MinimumVisualStudioVersion = 10.0.40219.1
Project("{9A19103F-16F7-4668-BE54-9A1E7A4F7556}") = "DevopsCalculatorBackend", "DevopsCalculator\DevopsCalculatorBackend.csproj", "{92806523-4276-4F5B-8AC9-BDB15A6CD9EA}"
EndProject
Global
	GlobalSection(SolutionConfigurationPlatforms) = preSolution
		Debug|Any CPU = Debug|Any CPU
		Release|Any CPU = Release|Any CPU
	EndGlobalSection
	GlobalSection(ProjectConfigurationPlatforms) = postSolution
		{92806523-4276-4F5B-8AC9-BDB15A6CD9EA}.Debug|Any CPU.ActiveCfg = Debug|Any CPU
		{92806523-4276-4F5B-8AC9-BDB15A6CD9EA}.Debug|Any CPU.Build.0 = Debug|Any CPU
		{92806523-4276-4F5B-8AC9-BDB15A6CD9EA}.Release|Any CPU.ActiveCfg = Release|Any CPU
		{92806523-4276-4F5B-8AC9-BDB15A6CD9EA}.Release|Any CPU.Build.0 = Release|Any CPU
	EndGlobalSection
	GlobalSection(SolutionProperties) = preSolution
		HideSolutionNode = FALSE
	EndGlobalSection
	GlobalSection(ExtensibilityGlobals) = postSolution
		SolutionGuid = {F9AABB19-689D-4374-AD74-EB65AE59A693}
	EndGlobalSection
EndGlobal
